// !$*UTF8*$!
{
	archiveVersion = 1;
	classes = {
	};
	objectVersion = 56;
	objects = {

/* Begin PBXBuildFile section */
		01A000100000000000000001 /* ADSBRadarApp.swift in Sources */ = {isa = PBXBuildFile; fileRef = 01A000010000000000000001 /* ADSBRadarApp.swift */; };
		01A000100000000000000002 /* ContentView.swift in Sources */ = {isa = PBXBuildFile; fileRef = 01A000010000000000000002 /* ContentView.swift */; };
		01A000100000000000000003 /* RadarWebView.swift in Sources */ = {isa = PBXBuildFile; fileRef = 01A000010000000000000003 /* RadarWebView.swift */; };
		01A000100000000000000004 /* StratusBridge.swift in Sources */ = {isa = PBXBuildFile; fileRef = 01A000010000000000000004 /* StratusBridge.swift */; };
		01A000100000000000000005 /* GDL90Decoder.swift in Sources */ = {isa = PBXBuildFile; fileRef = 01A000010000000000000005 /* GDL90Decoder.swift */; };
		01A000100000000000000006 /* public in Resources */ = {isa = PBXBuildFile; fileRef = 01A000010000000000000007 /* public */; };
		01A000100000000000000007 /* Assets.xcassets in Resources */ = {isa = PBXBuildFile; fileRef = 01A000010000000000000009 /* Assets.xcassets */; };
		01A000100000000000000008 /* ATCScratchpadView.swift in Sources */ = {isa = PBXBuildFile; fileRef = 01A00001000000000000000A /* ATCScratchpadView.swift */; };
		01A000100000000000000009 /* PrivacyInfo.xcprivacy in Resources */ = {isa = PBXBuildFile; fileRef = 01A00001000000000000000B /* PrivacyInfo.xcprivacy */; };
/* End PBXBuildFile section */

/* Begin PBXFileReference section */
		01A000010000000000000001 /* ADSBRadarApp.swift */ = {isa = PBXFileReference; lastKnownFileType = sourcecode.swift; path = ADSBRadarApp.swift; sourceTree = "<group>"; };
		01A000010000000000000002 /* ContentView.swift */ = {isa = PBXFileReference; lastKnownFileType = sourcecode.swift; path = ContentView.swift; sourceTree = "<group>"; };
		01A000010000000000000003 /* RadarWebView.swift */ = {isa = PBXFileReference; lastKnownFileType = sourcecode.swift; path = RadarWebView.swift; sourceTree = "<group>"; };
		01A000010000000000000004 /* StratusBridge.swift */ = {isa = PBXFileReference; lastKnownFileType = sourcecode.swift; path = StratusBridge.swift; sourceTree = "<group>"; };
		01A000010000000000000005 /* GDL90Decoder.swift */ = {isa = PBXFileReference; lastKnownFileType = sourcecode.swift; path = GDL90Decoder.swift; sourceTree = "<group>"; };
		01A000010000000000000006 /* Info.plist */ = {isa = PBXFileReference; lastKnownFileType = text.plist.xml; path = Info.plist; sourceTree = "<group>"; };
		01A000010000000000000007 /* public */ = {isa = PBXFileReference; lastKnownFileType = folder; name = public; path = ../../public; sourceTree = "<group>"; };
		01A000010000000000000008 /* ADSB Radar.app */ = {isa = PBXFileReference; explicitFileType = wrapper.application; includeInIndex = 0; path = "ADSB Radar.app"; sourceTree = BUILT_PRODUCTS_DIR; };
		01A000010000000000000009 /* Assets.xcassets */ = {isa = PBXFileReference; lastKnownFileType = folder.assetcatalog; path = Assets.xcassets; sourceTree = "<group>"; };
		01A00001000000000000000A /* ATCScratchpadView.swift */ = {isa = PBXFileReference; lastKnownFileType = sourcecode.swift; path = ATCScratchpadView.swift; sourceTree = "<group>"; };
		01A00001000000000000000B /* PrivacyInfo.xcprivacy */ = {isa = PBXFileReference; lastKnownFileType = text.xml; path = PrivacyInfo.xcprivacy; sourceTree = "<group>"; };
/* End PBXFileReference section */

/* Begin PBXFrameworksBuildPhase section */
		01A000200000000000000001 /* Frameworks */ = {
			isa = PBXFrameworksBuildPhase;
			buildActionMask = 2147483647;
			files = (
			);
			runOnlyForDeploymentPostprocessing = 0;
		};
/* End PBXFrameworksBuildPhase section */

/* Begin PBXGroup section */
		01A000300000000000000001 = {
			isa = PBXGroup;
			children = (
				01A000300000000000000002 /* ADSBRadar */,
				01A000010000000000000007 /* public */,
				01A000300000000000000003 /* Products */,
			);
			sourceTree = "<group>";
		};
		01A000300000000000000002 /* ADSBRadar */ = {
			isa = PBXGroup;
			children = (
				01A000010000000000000001 /* ADSBRadarApp.swift */,
				01A000010000000000000002 /* ContentView.swift */,
				01A00001000000000000000A /* ATCScratchpadView.swift */,
				01A000010000000000000003 /* RadarWebView.swift */,
				01A000010000000000000004 /* StratusBridge.swift */,
				01A000010000000000000005 /* GDL90Decoder.swift */,
				01A000010000000000000006 /* Info.plist */,
				01A00001000000000000000B /* PrivacyInfo.xcprivacy */,
				01A000010000000000000009 /* Assets.xcassets */,
			);
			path = ADSBRadar;
			sourceTree = "<group>";
		};
		01A000300000000000000003 /* Products */ = {
			isa = PBXGroup;
			children = (
				01A000010000000000000008 /* ADSB Radar.app */,
			);
			name = Products;
			sourceTree = "<group>";
		};
/* End PBXGroup section */

/* Begin PBXNativeTarget section */
		01A000400000000000000001 /* ADSB Radar */ = {
			isa = PBXNativeTarget;
			buildConfigurationList = 01A000800000000000000002 /* Build configuration list for PBXNativeTarget "ADSB Radar" */;
			buildPhases = (
				01A000500000000000000001 /* Sources */,
				01A000200000000000000001 /* Frameworks */,
				01A000600000000000000001 /* Resources */,
			);
			buildRules = (
			);
			dependencies = (
			);
			name = "ADSB Radar";
			productName = "ADSB Radar";
			productReference = 01A000010000000000000008 /* ADSB Radar.app */;
			productType = "com.apple.product-type.application";
		};
/* End PBXNativeTarget section */

/* Begin PBXProject section */
		01A000700000000000000001 /* Project object */ = {
			isa = PBXProject;
			attributes = {
				BuildIndependentTargetsInParallel = 1;
				LastSwiftUpdateCheck = 1600;
				LastUpgradeCheck = 2660;
				TargetAttributes = {
					01A000400000000000000001 = {
						CreatedOnToolsVersion = 16.0;
					};
				};
			};
			buildConfigurationList = 01A000800000000000000001 /* Build configuration list for PBXProject "ADSBRadar" */;
			compatibilityVersion = "Xcode 14.0";
			developmentRegion = en;
			hasScannedForEncodings = 0;
			knownRegions = (
				en,
				Base,
			);
			mainGroup = 01A000300000000000000001;
			productRefGroup = 01A000300000000000000003 /* Products */;
			projectDirPath = "";
			projectRoot = "";
			targets = (
				01A000400000000000000001 /* ADSB Radar */,
			);
		};
/* End PBXProject section */

/* Begin PBXResourcesBuildPhase section */
		01A000600000000000000001 /* Resources */ = {
			isa = PBXResourcesBuildPhase;
			buildActionMask = 2147483647;
			files = (
				01A000100000000000000006 /* public in Resources */,
				01A000100000000000000007 /* Assets.xcassets in Resources */,
				01A000100000000000000009 /* PrivacyInfo.xcprivacy in Resources */,
			);
			runOnlyForDeploymentPostprocessing = 0;
		};
/* End PBXResourcesBuildPhase section */

/* Begin PBXSourcesBuildPhase section */
		01A000500000000000000001 /* Sources */ = {
			isa = PBXSourcesBuildPhase;
			buildActionMask = 2147483647;
			files = (
				01A000100000000000000001 /* ADSBRadarApp.swift in Sources */,
				01A000100000000000000002 /* ContentView.swift in Sources */,
				01A000100000000000000008 /* ATCScratchpadView.swift in Sources */,
				01A000100000000000000003 /* RadarWebView.swift in Sources */,
				01A000100000000000000004 /* StratusBridge.swift in Sources */,
				01A000100000000000000005 /* GDL90Decoder.swift in Sources */,
			);
			runOnlyForDeploymentPostprocessing = 0;
		};
/* End PBXSourcesBuildPhase section */

/* Begin XCBuildConfiguration section */
		01A000900000000000000001 /* Debug */ = {
			isa = XCBuildConfiguration;
			buildSettings = {
				ALWAYS_SEARCH_USER_PATHS = NO;
				CLANG_ANALYZER_NONNULL = YES;
				CLANG_ANALYZER_NUMBER_OBJECT_CONVERSION = YES_AGGRESSIVE;
				CLANG_CXX_LANGUAGE_STANDARD = "gnu++20";
				CLANG_ENABLE_MODULES = YES;
				CLANG_ENABLE_OBJC_ARC = YES;
				CLANG_ENABLE_OBJC_WEAK = YES;
				CLANG_WARN_BLOCK_CAPTURE_AUTORELEASING = YES;
				CLANG_WARN_BOOL_CONVERSION = YES;
				CLANG_WARN_COMMA = YES;
				CLANG_WARN_CONSTANT_CONVERSION = YES;
				CLANG_WARN_DEPRECATED_OBJC_IMPLEMENTATIONS = YES;
				CLANG_WARN_DIRECT_OBJC_ISA_USAGE = YES_ERROR;
				CLANG_WARN_DOCUMENTATION_COMMENTS = YES;
				CLANG_WARN_EMPTY_BODY = YES;
				CLANG_WARN_ENUM_CONVERSION = YES;
				CLANG_WARN_INFINITE_RECURSION = YES;
				CLANG_WARN_INT_CONVERSION = YES;
				CLANG_WARN_NON_LITERAL_NULL_CONVERSION = YES;
				CLANG_WARN_OBJC_IMPLICIT_RETAIN_SELF = YES;
				CLANG_WARN_OBJC_LITERAL_CONVERSION = YES;
				CLANG_WARN_OBJC_ROOT_CLASS = YES_ERROR;
				CLANG_WARN_QUOTED_INCLUDE_IN_FRAMEWORK_HEADER = YES;
				CLANG_WARN_RANGE_LOOP_ANALYSIS = YES;
				CLANG_WARN_STRICT_PROTOTYPES = YES;
				CLANG_WARN_SUSPICIOUS_MOVE = YES;
				CLANG_WARN_UNGUARDED_AVAILABILITY = YES_AGGRESSIVE;
				CLANG_WARN_UNREACHABLE_CODE = YES;
				CLANG_WARN__DUPLICATE_METHOD_MATCH = YES;
				COPY_PHASE_STRIP = NO;
				DEBUG_INFORMATION_FORMAT = dwarf;
				DEVELOPMENT_TEAM = FE3A5XCJ33;
				ENABLE_STRICT_OBJC_MSGSEND = YES;
				ENABLE_TESTABILITY = YES;
				ENABLE_USER_SCRIPT_SANDBOXING = YES;
				GCC_C_LANGUAGE_STANDARD = gnu17;
				GCC_DYNAMIC_NO_PIC = NO;
				GCC_NO_COMMON_BLOCKS = YES;
				GCC_OPTIMIZATION_LEVEL = 0;
				GCC_PREPROCESSOR_DEFINITIONS = (
					"DEBUG=1",
					"$(inherited)",
				);
				GCC_WARN_64_TO_32_BIT_CONVERSION = YES;
				GCC_WARN_ABOUT_RETURN_TYPE = YES_ERROR;
				GCC_WARN_UNDECLARED_SELECTOR = YES;
				GCC_WARN_UNINITIALIZED_AUTOS = YES_AGGRESSIVE;
				GCC_WARN_UNUSED_FUNCTION = YES;
				GCC_WARN_UNUSED_VARIABLE = YES;
				IPHONEOS_DEPLOYMENT_TARGET = 16.0;
				MTL_ENABLE_DEBUG_INFO = INCLUDE_SOURCE;
				MTL_FAST_MATH = YES;
				ONLY_ACTIVE_ARCH = YES;
				SDKROOT = iphoneos;
				STRING_CATALOG_GENERATE_SYMBOLS = YES;
				SWIFT_ACTIVE_COMPILATION_CONDITIONS = DEBUG;
				SWIFT_OPTIMIZATION_LEVEL = "-Onone";
			};
			name = Debug;
		};
		01A000900000000000000002 /* Release */ = {
			isa = XCBuildConfiguration;
			buildSettings = {
				ALWAYS_SEARCH_USER_PATHS = NO;
				CLANG_ANALYZER_NONNULL = YES;
				CLANG_ANALYZER_NUMBER_OBJECT_CONVERSION = YES_AGGRESSIVE;
				CLANG_CXX_LANGUAGE_STANDARD = "gnu++20";
				CLANG_ENABLE_MODULES = YES;
				CLANG_ENABLE_OBJC_ARC = YES;
				CLANG_ENABLE_OBJC_WEAK = YES;
				CLANG_WARN_BLOCK_CAPTURE_AUTORELEASING = YES;
				CLANG_WARN_BOOL_CONVERSION = YES;
				CLANG_WARN_COMMA = YES;
				CLANG_WARN_CONSTANT_CONVERSION = YES;
				CLANG_WARN_DEPRECATED_OBJC_IMPLEMENTATIONS = YES;
				CLANG_WARN_DIRECT_OBJC_ISA_USAGE = YES_ERROR;
				CLANG_WARN_DOCUMENTATION_COMMENTS = YES;
				CLANG_WARN_EMPTY_BODY = YES;
				CLANG_WARN_ENUM_CONVERSION = YES;
				CLANG_WARN_INFINITE_RECURSION = YES;
				CLANG_WARN_INT_CONVERSION = YES;
				CLANG_WARN_NON_LITERAL_NULL_CONVERSION = YES;
				CLANG_WARN_OBJC_IMPLICIT_RETAIN_SELF = YES;
				CLANG_WARN_OBJC_LITERAL_CONVERSION = YES;
				CLANG_WARN_OBJC_ROOT_CLASS = YES_ERROR;
				CLANG_WARN_QUOTED_INCLUDE_IN_FRAMEWORK_HEADER = YES;
				CLANG_WARN_RANGE_LOOP_ANALYSIS = YES;
				CLANG_WARN_STRICT_PROTOTYPES = YES;
				CLANG_WARN_SUSPICIOUS_MOVE = YES;
				CLANG_WARN_UNGUARDED_AVAILABILITY = YES_AGGRESSIVE;
				CLANG_WARN_UNREACHABLE_CODE = YES;
				CLANG_WARN__DUPLICATE_METHOD_MATCH = YES;
				COPY_PHASE_STRIP = NO;
				DEBUG_INFORMATION_FORMAT = "dwarf-with-dsym";
				DEVELOPMENT_TEAM = FE3A5XCJ33;
				ENABLE_NS_ASSERTIONS = NO;
				ENABLE_STRICT_OBJC_MSGSEND = YES;
				ENABLE_USER_SCRIPT_SANDBOXING = YES;
				GCC_C_LANGUAGE_STANDARD = gnu17;
				GCC_NO_COMMON_BLOCKS = YES;
				GCC_WARN_64_TO_32_BIT_CONVERSION = YES;
				GCC_WARN_ABOUT_RETURN_TYPE = YES_ERROR;
				GCC_WARN_UNDECLARED_SELECTOR = YES;
				GCC_WARN_UNINITIALIZED_AUTOS = YES_AGGRESSIVE;
				GCC_WARN_UNUSED_FUNCTION = YES;
				GCC_WARN_UNUSED_VARIABLE = YES;
				IPHONEOS_DEPLOYMENT_TARGET = 16.0;
				MTL_ENABLE_DEBUG_INFO = NO;
				MTL_FAST_MATH = YES;
				SDKROOT = iphoneos;
				STRING_CATALOG_GENERATE_SYMBOLS = YES;
				SWIFT_COMPILATION_MODE = wholemodule;
				SWIFT_OPTIMIZATION_LEVEL = "-O";
				VALIDATE_PRODUCT = YES;
			};
			name = Release;
		};
		01A000900000000000000003 /* Debug */ = {
			isa = XCBuildConfiguration;
			buildSettings = {
				ASSETCATALOG_COMPILER_APPICON_NAME = AppIcon;
				CODE_SIGN_STYLE = Automatic;
				CURRENT_PROJECT_VERSION = 3;
				DEVELOPMENT_ASSET_PATHS = "";
				GENERATE_INFOPLIST_FILE = NO;
				INFOPLIST_FILE = ADSBRadar/Info.plist;
				IPHONEOS_DEPLOYMENT_TARGET = 16.0;
				LD_RUNPATH_SEARCH_PATHS = (
					"$(inherited)",
					"@executable_path/Frameworks",
				);
				MARKETING_VERSION = 1.2;
				PRODUCT_BUNDLE_IDENTIFIER = com.captainseang.adsbradar;
				PRODUCT_NAME = "ADSB Radar";
				SUPPORTED_PLATFORMS = "iphoneos iphonesimulator";
				SUPPORTS_MACCATALYST = NO;
				SUPPORTS_MAC_DESIGNED_FOR_IPHONE_IPAD = NO;
				SWIFT_EMIT_LOC_STRINGS = YES;
				SWIFT_VERSION = 5.0;
				TARGETED_DEVICE_FAMILY = "1,2";
			};
			name = Debug;
		};
		01A000900000000000000004 /* Release */ = {
			isa = XCBuildConfiguration;
			buildSettings = {
				ASSETCATALOG_COMPILER_APPICON_NAME = AppIcon;
				CODE_SIGN_STYLE = Automatic;
				CURRENT_PROJECT_VERSION = 3;
				DEVELOPMENT_ASSET_PATHS = "";
				GENERATE_INFOPLIST_FILE = NO;
				INFOPLIST_FILE = ADSBRadar/Info.plist;
				IPHONEOS_DEPLOYMENT_TARGET = 16.0;
				LD_RUNPATH_SEARCH_PATHS = (
					"$(inherited)",
					"@executable_path/Frameworks",
				);
				MARKETING_VERSION = 1.2;
				PRODUCT_BUNDLE_IDENTIFIER = com.captainseang.adsbradar;
				PRODUCT_NAME = "ADSB Radar";
				SUPPORTED_PLATFORMS = "iphoneos iphonesimulator";
				SUPPORTS_MACCATALYST = NO;
				SUPPORTS_MAC_DESIGNED_FOR_IPHONE_IPAD = NO;
				SWIFT_EMIT_LOC_STRINGS = YES;
				SWIFT_VERSION = 5.0;
				TARGETED_DEVICE_FAMILY = "1,2";
				VALIDATE_PRODUCT = YES;
			};
			name = Release;
		};
/* End XCBuildConfiguration section */

/* Begin XCConfigurationList section */
		01A000800000000000000001 /* Build configuration list for PBXProject "ADSBRadar" */ = {
			isa = XCConfigurationList;
			buildConfigurations = (
				01A000900000000000000001 /* Debug */,
				01A000900000000000000002 /* Release */,
			);
			defaultConfigurationIsVisible = 0;
			defaultConfigurationName = Release;
		};
		01A000800000000000000002 /* Build configuration list for PBXNativeTarget "ADSB Radar" */ = {
			isa = XCConfigurationList;
			buildConfigurations = (
				01A000900000000000000003 /* Debug */,
				01A000900000000000000004 /* Release */,
			);
			defaultConfigurationIsVisible = 0;
			defaultConfigurationName = Release;
		};
/* End XCConfigurationList section */
	};
	rootObject = 01A000700000000000000001 /* Project object */;
}
